
Microsoft Visual Studio Solution File, Format Version 12.00
# Visual Studio Version 17
VisualStudioVersion = 17.4.33110.190
MinimumVisualStudioVersion = 10.0.40219.1
Project("{FAE04EC0-301F-11D3-BF4B-00C04F79EFBC}") = "DinnerPlans.Server", "DinnerPlans\Server\DinnerPlans.Server.csproj", "{B8693253-3F6E-4B55-9393-D448F57AC5A4}"
EndProject
Project("{FAE04EC0-301F-11D3-BF4B-00C04F79EFBC}") = "DinnerPlans.Client", "DinnerPlans\Client\DinnerPlans.Client.csproj", "{1E2DBA82-039F-4B39-89E9-FC10BBF86C3F}"
EndProject
Project("{FAE04EC0-301F-11D3-BF4B-00C04F79EFBC}") = "DinnerPlans.Shared", "DinnerPlans\Shared\DinnerPlans.Shared.csproj", "{1094BEE1-1EA6-4207-8ED9-ABC5EED42906}"
EndProject
Global
	GlobalSection(SolutionConfigurationPlatforms) = preSolution
		Debug|Any CPU = Debug|Any CPU
		Release|Any CPU = Release|Any CPU
	EndGlobalSection
	GlobalSection(ProjectConfigurationPlatforms) = postSolution
		{B8693253-3F6E-4B55-9393-D448F57AC5A4}.Debug|Any CPU.ActiveCfg = Debug|Any CPU
		{B8693253-3F6E-4B55-9393-D448F57AC5A4}.Debug|Any CPU.Build.0 = Debug|Any CPU
		{B8693253-3F6E-4B55-9393-D448F57AC5A4}.Release|Any CPU.ActiveCfg = Release|Any CPU
		{B8693253-3F6E-4B55-9393-D448F57AC5A4}.Release|Any CPU.Build.0 = Release|Any CPU
		{1E2DBA82-039F-4B39-89E9-FC10BBF86C3F}.Debug|Any CPU.ActiveCfg = Debug|Any CPU
		{1E2DBA82-039F-4B39-89E9-FC10BBF86C3F}.Debug|Any CPU.Build.0 = Debug|Any CPU
		{1E2DBA82-039F-4B39-89E9-FC10BBF86C3F}.Release|Any CPU.ActiveCfg = Release|Any CPU
		{1E2DBA82-039F-4B39-89E9-FC10BBF86C3F}.Release|Any CPU.Build.0 = Release|Any CPU
		{1094BEE1-1EA6-4207-8ED9-ABC5EED42906}.Debug|Any CPU.ActiveCfg = Debug|Any CPU
		{1094BEE1-1EA6-4207-8ED9-ABC5EED42906}.Debug|Any CPU.Build.0 = Debug|Any CPU
		{1094BEE1-1EA6-4207-8ED9-ABC5EED42906}.Release|Any CPU.ActiveCfg = Release|Any CPU
		{1094BEE1-1EA6-4207-8ED9-ABC5EED42906}.Release|Any CPU.Build.0 = Release|Any CPU
	EndGlobalSection
	GlobalSection(SolutionProperties) = preSolution
		HideSolutionNode = FALSE
	EndGlobalSection
	GlobalSection(ExtensibilityGlobals) = postSolution
		SolutionGuid = {5D55B6F2-49BF-484B-99FB-2DC2EA1E65AD}
	EndGlobalSection
EndGlobal
